
Microsoft Visual Studio Solution File, Format Version 12.00
# Visual Studio Version 17
VisualStudioVersion = 17.5.33530.505
MinimumVisualStudioVersion = 10.0.40219.1
Project("{9A19103F-16F7-4668-BE54-9A1E7A4F7556}") = "VisualScreen", "VisualScreen\VisualScreen.csproj", "{AE102F3A-EF11-42A0-A60E-1EB485F19504}"
EndProject
Project("{FAE04EC0-301F-11D3-BF4B-00C04F79EFBC}") = "VisualScreen.User", "VisualScreen.User\VisualScreen.User.csproj", "{2E3CEED8-F4E0-4FF6-BFE5-6B7D1CADAE7D}"
EndProject
Global
	GlobalSection(SolutionConfigurationPlatforms) = preSolution
		Debug|Any CPU = Debug|Any CPU
		Release|Any CPU = Release|Any CPU
	EndGlobalSection
	GlobalSection(ProjectConfigurationPlatforms) = postSolution
		{AE102F3A-EF11-42A0-A60E-1EB485F19504}.Debug|Any CPU.ActiveCfg = Debug|Any CPU
		{AE102F3A-EF11-42A0-A60E-1EB485F19504}.Debug|Any CPU.Build.0 = Debug|Any CPU
		{AE102F3A-EF11-42A0-A60E-1EB485F19504}.Release|Any CPU.ActiveCfg = Release|Any CPU
		{AE102F3A-EF11-42A0-A60E-1EB485F19504}.Release|Any CPU.Build.0 = Release|Any CPU
		{2E3CEED8-F4E0-4FF6-BFE5-6B7D1CADAE7D}.Debug|Any CPU.ActiveCfg = Debug|Any CPU
		{2E3CEED8-F4E0-4FF6-BFE5-6B7D1CADAE7D}.Debug|Any CPU.Build.0 = Debug|Any CPU
		{2E3CEED8-F4E0-4FF6-BFE5-6B7D1CADAE7D}.Release|Any CPU.ActiveCfg = Release|Any CPU
		{2E3CEED8-F4E0-4FF6-BFE5-6B7D1CADAE7D}.Release|Any CPU.Build.0 = Release|Any CPU
	EndGlobalSection
	GlobalSection(SolutionProperties) = preSolution
		HideSolutionNode = FALSE
	EndGlobalSection
	GlobalSection(ExtensibilityGlobals) = postSolution
		SolutionGuid = {C4EEE084-552D-4E44-9284-956F918459E3}
	EndGlobalSection
EndGlobal
